
Microsoft Visual Studio Solution File, Format Version 12.00
# Visual Studio Version 17
VisualStudioVersion = 17.11.35219.272
MinimumVisualStudioVersion = 10.0.40219.1
Project("{9A19103F-16F7-4668-BE54-9A1E7A4F7556}") = "ABCRetail", "ABCRetail\ABCRetail.csproj", "{C6E01B87-EF13-47CC-AA95-F2C898C5EB24}"
EndProject
Project("{9A19103F-16F7-4668-BE54-9A1E7A4F7556}") = "ABCRetailFunctionApp", "ABCRetailFunctionApp\ABCRetailFunctionApp.csproj", "{DE5099E8-2E8E-425E-B9A8-5ECF8456BCD8}"
EndProject
Global
	GlobalSection(SolutionConfigurationPlatforms) = preSolution
		Debug|Any CPU = Debug|Any CPU
		Release|Any CPU = Release|Any CPU
	EndGlobalSection
	GlobalSection(ProjectConfigurationPlatforms) = postSolution
		{C6E01B87-EF13-47CC-AA95-F2C898C5EB24}.Debug|Any CPU.ActiveCfg = Debug|Any CPU
		{C6E01B87-EF13-47CC-AA95-F2C898C5EB24}.Debug|Any CPU.Build.0 = Debug|Any CPU
		{C6E01B87-EF13-47CC-AA95-F2C898C5EB24}.Release|Any CPU.ActiveCfg = Release|Any CPU
		{C6E01B87-EF13-47CC-AA95-F2C898C5EB24}.Release|Any CPU.Build.0 = Release|Any CPU
		{DE5099E8-2E8E-425E-B9A8-5ECF8456BCD8}.Debug|Any CPU.ActiveCfg = Debug|Any CPU
		{DE5099E8-2E8E-425E-B9A8-5ECF8456BCD8}.Debug|Any CPU.Build.0 = Debug|Any CPU
		{DE5099E8-2E8E-425E-B9A8-5ECF8456BCD8}.Release|Any CPU.ActiveCfg = Release|Any CPU
		{DE5099E8-2E8E-425E-B9A8-5ECF8456BCD8}.Release|Any CPU.Build.0 = Release|Any CPU
	EndGlobalSection
	GlobalSection(SolutionProperties) = preSolution
		HideSolutionNode = FALSE
	EndGlobalSection
	GlobalSection(ExtensibilityGlobals) = postSolution
		SolutionGuid = {0E202311-BBDD-4DCC-B5D1-35A89C464DD7}
	EndGlobalSection
EndGlobal
